
Microsoft Visual Studio Solution File, Format Version 12.00
# Visual Studio Version 16
VisualStudioVersion = 16.0.30907.101
MinimumVisualStudioVersion = 10.0.40219.1
Project("{FAE04EC0-301F-11D3-BF4B-00C04F79EFBC}") = "DiplomWork", "DiplomWork\DiplomWork.csproj", "{5AF8948F-26E0-433C-830D-1239237DE3EB}"
EndProject
Global
	GlobalSection(SolutionConfigurationPlatforms) = preSolution
		Debug|Any CPU = Debug|Any CPU
		Release|Any CPU = Release|Any CPU
	EndGlobalSection
	GlobalSection(ProjectConfigurationPlatforms) = postSolution
		{5AF8948F-26E0-433C-830D-1239237DE3EB}.Debug|Any CPU.ActiveCfg = Debug|Any CPU
		{5AF8948F-26E0-433C-830D-1239237DE3EB}.Debug|Any CPU.Build.0 = Debug|Any CPU
		{5AF8948F-26E0-433C-830D-1239237DE3EB}.Release|Any CPU.ActiveCfg = Release|Any CPU
		{5AF8948F-26E0-433C-830D-1239237DE3EB}.Release|Any CPU.Build.0 = Release|Any CPU
	EndGlobalSection
	GlobalSection(SolutionProperties) = preSolution
		HideSolutionNode = FALSE
	EndGlobalSection
	GlobalSection(ExtensibilityGlobals) = postSolution
		SolutionGuid = {98205787-BF54-4C4F-A9B0-AF4CBFADEF33}
	EndGlobalSection
EndGlobal
